Microsoft Visual Studio Solution File, Format Version 11.00
# Visual Studio 2008

Project("{C4EEF0C1-AF0F-1938-1469-7BF53544E891}") = "SoulOfSword", "Assembly-CSharp-firstpass-vs.csproj", "{A4456F43-573C-E35D-9381-63DE8CCCC0E0}"
EndProject
Project("{C4EEF0C1-AF0F-1938-1469-7BF53544E891}") = "SoulOfSword", "Assembly-CSharp-vs.csproj", "{485C3B25-C227-B246-546D-760C2D818FD1}"
EndProject
Project("{C4EEF0C1-AF0F-1938-1469-7BF53544E891}") = "SoulOfSword", "Assembly-CSharp-Editor-vs.csproj", "{CC1FDC3A-14FD-389F-6A59-D39E209DA16E}"
EndProject
Global
	GlobalSection(SolutionConfigurationPlatforms) = preSolution
		Debug|Any CPU = Debug|Any CPU
		Release|Any CPU = Release|Any CPU
	EndGlobalSection
	GlobalSection(ProjectConfigurationPlatforms) = postSolution
		{A4456F43-573C-E35D-9381-63DE8CCCC0E0}.Debug|Any CPU.ActiveCfg = Debug|Any CPU
		{A4456F43-573C-E35D-9381-63DE8CCCC0E0}.Debug|Any CPU.Build.0 = Debug|Any CPU
		{A4456F43-573C-E35D-9381-63DE8CCCC0E0}.Release|Any CPU.ActiveCfg = Release|Any CPU
		{A4456F43-573C-E35D-9381-63DE8CCCC0E0}.Release|Any CPU.Build.0 = Release|Any CPU
		{485C3B25-C227-B246-546D-760C2D818FD1}.Debug|Any CPU.ActiveCfg = Debug|Any CPU
		{485C3B25-C227-B246-546D-760C2D818FD1}.Debug|Any CPU.Build.0 = Debug|Any CPU
		{485C3B25-C227-B246-546D-760C2D818FD1}.Release|Any CPU.ActiveCfg = Release|Any CPU
		{485C3B25-C227-B246-546D-760C2D818FD1}.Release|Any CPU.Build.0 = Release|Any CPU
		{CC1FDC3A-14FD-389F-6A59-D39E209DA16E}.Debug|Any CPU.ActiveCfg = Debug|Any CPU
		{CC1FDC3A-14FD-389F-6A59-D39E209DA16E}.Debug|Any CPU.Build.0 = Debug|Any CPU
		{CC1FDC3A-14FD-389F-6A59-D39E209DA16E}.Release|Any CPU.ActiveCfg = Release|Any CPU
		{CC1FDC3A-14FD-389F-6A59-D39E209DA16E}.Release|Any CPU.Build.0 = Release|Any CPU
	EndGlobalSection
	GlobalSection(SolutionProperties) = preSolution
		HideSolutionNode = FALSE
	EndGlobalSection
			GlobalSection(MonoDevelopProperties) = preSolution
		StartupItem = Assembly-CSharp.csproj
		Policies = $0
		$0.TextStylePolicy = $1
		$1.inheritsSet = null
		$1.scope = text/x-csharp
		$0.CSharpFormattingPolicy = $2
		$2.inheritsSet = Mono
		$2.inheritsScope = text/x-csharp
		$2.scope = text/x-csharp
		$0.TextStylePolicy = $3
		$3.FileWidth = 120
		$3.TabWidth = 4
		$3.EolMarker = Unix
		$3.inheritsSet = Mono
		$3.inheritsScope = text/plain
		$3.scope = text/plain
	EndGlobalSection

EndGlobal
